// !$*UTF8*$!
{
	archiveVersion = 1;
	classes = {
	};
	objectVersion = 46;
	objects = {

/* Begin PBXBuildFile section */
		1AC375101AD38E47006E838E /* main.m in Sources */ = {isa = PBXBuildFile; fileRef = 1AC3750F1AD38E47006E838E /* main.m */; };
		1AC375131AD38E47006E838E /* AppDelegate.m in Sources */ = {isa = PBXBuildFile; fileRef = 1AC375121AD38E47006E838E /* AppDelegate.m */; };
		1AC375161AD38E47006E838E /* Assignment1.xcdatamodeld in Sources */ = {isa = PBXBuildFile; fileRef = 1AC375141AD38E47006E838E /* Assignment1.xcdatamodeld */; };
		1AC375191AD38E47006E838E /* ViewController.m in Sources */ = {isa = PBXBuildFile; fileRef = 1AC375181AD38E47006E838E /* ViewController.m */; };
		1AC3751C1AD38E47006E838E /* Main.storyboard in Resources */ = {isa = PBXBuildFile; fileRef = 1AC3751A1AD38E47006E838E /* Main.storyboard */; };
		1AC3751E1AD38E47006E838E /* Images.xcassets in Resources */ = {isa = PBXBuildFile; fileRef = 1AC3751D1AD38E47006E838E /* Images.xcassets */; };
		1AC375211AD38E47006E838E /* LaunchScreen.xib in Resources */ = {isa = PBXBuildFile; fileRef = 1AC3751F1AD38E47006E838E /* LaunchScreen.xib */; };
		1AC3752D1AD38E47006E838E /* Assignment1Tests.m in Sources */ = {isa = PBXBuildFile; fileRef = 1AC3752C1AD38E47006E838E /* Assignment1Tests.m */; };
/* End PBXBuildFile section */

/* Begin PBXContainerItemProxy section */
		1AC375271AD38E47006E838E /* PBXContainerItemProxy */ = {
			isa = PBXContainerItemProxy;
			containerPortal = 1AC375021AD38E47006E838E /* Project object */;
			proxyType = 1;
			remoteGlobalIDString = 1AC375091AD38E47006E838E;
			remoteInfo = Assignment1;
		};
/* End PBXContainerItemProxy section */

/* Begin PBXFileReference section */
		1AC3750A1AD38E47006E838E /* Assignment1.app */ = {isa = PBXFileReference; explicitFileType = wrapper.application; includeInIndex = 0; path = Assignment1.app; sourceTree = BUILT_PRODUCTS_DIR; };
		1AC3750E1AD38E47006E838E /* Info.plist */ = {isa = PBXFileReference; lastKnownFileType = text.plist.xml; path = Info.plist; sourceTree = "<group>"; };
		1AC3750F1AD38E47006E838E /* main.m */ = {isa = PBXFileReference; lastKnownFileType = sourcecode.c.objc; path = main.m; sourceTree = "<group>"; };
		1AC375111AD38E47006E838E /* AppDelegate.h */ = {isa = PBXFileReference; lastKnownFileType = sourcecode.c.h; path = AppDelegate.h; sourceTree = "<group>"; };
		1AC375121AD38E47006E838E /* AppDelegate.m */ = {isa = PBXFileReference; lastKnownFileType = sourcecode.c.objc; path = AppDelegate.m; sourceTree = "<group>"; };
		1AC375151AD38E47006E838E /* Assignment1.xcdatamodel */ = {isa = PBXFileReference; lastKnownFileType = wrapper.xcdatamodel; path = Assignment1.xcdatamodel; sourceTree = "<group>"; };
		1AC375171AD38E47006E838E /* ViewController.h */ = {isa = PBXFileReference; lastKnownFileType = sourcecode.c.h; path = ViewController.h; sourceTree = "<group>"; };
		1AC375181AD38E47006E838E /* ViewController.m */ = {isa = PBXFileReference; lastKnownFileType = sourcecode.c.objc; path = ViewController.m; sourceTree = "<group>"; };
		1AC3751B1AD38E47006E838E /* Base */ = {isa = PBXFileReference; lastKnownFileType = file.storyboard; name = Base; path = Base.lproj/Main.storyboard; sourceTree = "<group>"; };
		1AC3751D1AD38E47006E838E /* Images.xcassets */ = {isa = PBXFileReference; lastKnownFileType = folder.assetcatalog; path = Images.xcassets; sourceTree = "<group>"; };
		1AC375201AD38E47006E838E /* Base */ = {isa = PBXFileReference; lastKnownFileType = file.xib; name = Base; path = Base.lproj/LaunchScreen.xib; sourceTree = "<group>"; };
		1AC375261AD38E47006E838E /* Assignment1Tests.xctest */ = {isa = PBXFileReference; explicitFileType = wrapper.cfbundle; includeInIndex = 0; path = Assignment1Tests.xctest; sourceTree = BUILT_PRODUCTS_DIR; };
		1AC3752B1AD38E47006E838E /* Info.plist */ = {isa = PBXFileReference; lastKnownFileType = text.plist.xml; path = Info.plist; sourceTree = "<group>"; };
		1AC3752C1AD38E47006E838E /* Assignment1Tests.m */ = {isa = PBXFileReference; lastKnownFileType = sourcecode.c.objc; path = Assignment1Tests.m; sourceTree = "<group>"; };
/* End PBXFileReference section */

/* Begin PBXFrameworksBuildPhase section */
		1AC375071AD38E47006E838E /* Frameworks */ = {
			isa = PBXFrameworksBuildPhase;
			buildActionMask = 2147483647;
			files = (
			);
			runOnlyForDeploymentPostprocessing = 0;
		};
		1AC375231AD38E47006E838E /* Frameworks */ = {
			isa = PBXFrameworksBuildPhase;
			buildActionMask = 2147483647;
			files = (
			);
			runOnlyForDeploymentPostprocessing = 0;
		};
/* End PBXFrameworksBuildPhase section */

/* Begin PBXGroup section */
		1AC375011AD38E47006E838E = {
			isa = PBXGroup;
			children = (
				1AC3750C1AD38E47006E838E /* Assignment1 */,
				1AC375291AD38E47006E838E /* Assignment1Tests */,
				1AC3750B1AD38E47006E838E /* Products */,
			);
			sourceTree = "<group>";
		};
		1AC3750B1AD38E47006E838E /* Products */ = {
			isa = PBXGroup;
			children = (
				1AC3750A1AD38E47006E838E /* Assignment1.app */,
				1AC375261AD38E47006E838E /* Assignment1Tests.xctest */,
			);
			name = Products;
			sourceTree = "<group>";
		};
		1AC3750C1AD38E47006E838E /* Assignment1 */ = {
			isa = PBXGroup;
			children = (
				1AC375111AD38E47006E838E /* AppDelegate.h */,
				1AC375121AD38E47006E838E /* AppDelegate.m */,
				1AC375171AD38E47006E838E /* ViewController.h */,
				1AC375181AD38E47006E838E /* ViewController.m */,
				1AC3751A1AD38E47006E838E /* Main.storyboard */,
				1AC3751D1AD38E47006E838E /* Images.xcassets */,
				1AC3751F1AD38E47006E838E /* LaunchScreen.xib */,
				1AC375141AD38E47006E838E /* Assignment1.xcdatamodeld */,
				1AC3750D1AD38E47006E838E /* Supporting Files */,
			);
			path = Assignment1;
			sourceTree = "<group>";
		};
		1AC3750D1AD38E47006E838E /* Supporting Files */ = {
			isa = PBXGroup;
			children = (
				1AC3750E1AD38E47006E838E /* Info.plist */,
				1AC3750F1AD38E47006E838E /* main.m */,
			);
			name = "Supporting Files";
			sourceTree = "<group>";
		};
		1AC375291AD38E47006E838E /* Assignment1Tests */ = {
			isa = PBXGroup;
			children = (
				1AC3752C1AD38E47006E838E /* Assignment1Tests.m */,
				1AC3752A1AD38E47006E838E /* Supporting Files */,
			);
			path = Assignment1Tests;
			sourceTree = "<group>";
		};
		1AC3752A1AD38E47006E838E /* Supporting Files */ = {
			isa = PBXGroup;
			children = (
				1AC3752B1AD38E47006E838E /* Info.plist */,
			);
			name = "Supporting Files";
			sourceTree = "<group>";
		};
/* End PBXGroup section */

/* Begin PBXNativeTarget section */
		1AC375091AD38E47006E838E /* Assignment1 */ = {
			isa = PBXNativeTarget;
			buildConfigurationList = 1AC375301AD38E47006E838E /* Build configuration list for PBXNativeTarget "Assignment1" */;
			buildPhases = (
				1AC375061AD38E47006E838E /* Sources */,
				1AC375071AD38E47006E838E /* Frameworks */,
				1AC375081AD38E47006E838E /* Resources */,
			);
			buildRules = (
			);
			dependencies = (
			);
			name = Assignment1;
			productName = Assignment1;
			productReference = 1AC3750A1AD38E47006E838E /* Assignment1.app */;
			productType = "com.apple.product-type.application";
		};
		1AC375251AD38E47006E838E /* Assignment1Tests */ = {
			isa = PBXNativeTarget;
			buildConfigurationList = 1AC375331AD38E47006E838E /* Build configuration list for PBXNativeTarget "Assignment1Tests" */;
			buildPhases = (
				1AC375221AD38E47006E838E /* Sources */,
				1AC375231AD38E47006E838E /* Frameworks */,
				1AC375241AD38E47006E838E /* Resources */,
			);
			buildRules = (
			);
			dependencies = (
				1AC375281AD38E47006E838E /* PBXTargetDependency */,
			);
			name = Assignment1Tests;
			productName = Assignment1Tests;
			productReference = 1AC375261AD38E47006E838E /* Assignment1Tests.xctest */;
			productType = "com.apple.product-type.bundle.unit-test";
		};
/* End PBXNativeTarget section */

/* Begin PBXProject section */
		1AC375021AD38E47006E838E /* Project object */ = {
			isa = PBXProject;
			attributes = {
				LastUpgradeCheck = 0620;
				ORGANIZATIONNAME = "Yung Dai";
				TargetAttributes = {
					1AC375091AD38E47006E838E = {
						CreatedOnToolsVersion = 6.2;
					};
					1AC375251AD38E47006E838E = {
						CreatedOnToolsVersion = 6.2;
						TestTargetID = 1AC375091AD38E47006E838E;
					};
				};
			};
			buildConfigurationList = 1AC375051AD38E47006E838E /* Build configuration list for PBXProject "Assignment1" */;
			compatibilityVersion = "Xcode 3.2";
			developmentRegion = English;
			hasScannedForEncodings = 0;
			knownRegions = (
				en,
				Base,
			);
			mainGroup = 1AC375011AD38E47006E838E;
			productRefGroup = 1AC3750B1AD38E47006E838E /* Products */;
			projectDirPath = "";
			projectRoot = "";
			targets = (
				1AC375091AD38E47006E838E /* Assignment1 */,
				1AC375251AD38E47006E838E /* Assignment1Tests */,
			);
		};
/* End PBXProject section */

/* Begin PBXResourcesBuildPhase section */
		1AC375081AD38E47006E838E /* Resources */ = {
			isa = PBXResourcesBuildPhase;
			buildActionMask = 2147483647;
			files = (
				1AC3751C1AD38E47006E838E /* Main.storyboard in Resources */,
				1AC375211AD38E47006E838E /* LaunchScreen.xib in Resources */,
				1AC3751E1AD38E47006E838E /* Images.xcassets in Resources */,
			);
			runOnlyForDeploymentPostprocessing = 0;
		};
		1AC375241AD38E47006E838E /* Resources */ = {
			isa = PBXResourcesBuildPhase;
			buildActionMask = 2147483647;
			files = (
			);
			runOnlyForDeploymentPostprocessing = 0;
		};
/* End PBXResourcesBuildPhase section */

/* Begin PBXSourcesBuildPhase section */
		1AC375061AD38E47006E838E /* Sources */ = {
			isa = PBXSourcesBuildPhase;
			buildActionMask = 2147483647;
			files = (
				1AC375131AD38E47006E838E /* AppDelegate.m in Sources */,
				1AC375161AD38E47006E838E /* Assignment1.xcdatamodeld in Sources */,
				1AC375191AD38E47006E838E /* ViewController.m in Sources */,
				1AC375101AD38E47006E838E /* main.m in Sources */,
			);
			runOnlyForDeploymentPostprocessing = 0;
		};
		1AC375221AD38E47006E838E /* Sources */ = {
			isa = PBXSourcesBuildPhase;
			buildActionMask = 2147483647;
			files = (
				1AC3752D1AD38E47006E838E /* Assignment1Tests.m in Sources */,
			);
			runOnlyForDeploymentPostprocessing = 0;
		};
/* End PBXSourcesBuildPhase section */

/* Begin PBXTargetDependency section */
		1AC375281AD38E47006E838E /* PBXTargetDependency */ = {
			isa = PBXTargetDependency;
			target = 1AC375091AD38E47006E838E /* Assignment1 */;
			targetProxy = 1AC375271AD38E47006E838E /* PBXContainerItemProxy */;
		};
/* End PBXTargetDependency section */

/* Begin PBXVariantGroup section */
		1AC3751A1AD38E47006E838E /* Main.storyboard */ = {
			isa = PBXVariantGroup;
			children = (
				1AC3751B1AD38E47006E838E /* Base */,
			);
			name = Main.storyboard;
			sourceTree = "<group>";
		};
		1AC3751F1AD38E47006E838E /* LaunchScreen.xib */ = {
			isa = PBXVariantGroup;
			children = (
				1AC375201AD38E47006E838E /* Base */,
			);
			name = LaunchScreen.xib;
			sourceTree = "<group>";
		};
/* End PBXVariantGroup section */

/* Begin XCBuildConfiguration section */
		1AC3752E1AD38E47006E838E /* Debug */ = {
			isa = XCBuildConfiguration;
			buildSettings = {
				ALWAYS_SEARCH_USER_PATHS = NO;
				CLANG_CXX_LANGUAGE_STANDARD = "gnu++0x";
				CLANG_CXX_LIBRARY = "libc++";
				CLANG_ENABLE_MODULES = YES;
				CLANG_ENABLE_OBJC_ARC = YES;
				CLANG_WARN_BOOL_CONVERSION = YES;
				CLANG_WARN_CONSTANT_CONVERSION = YES;
				CLANG_WARN_DIRECT_OBJC_ISA_USAGE = YES_ERROR;
				CLANG_WARN_EMPTY_BODY = YES;
				CLANG_WARN_ENUM_CONVERSION = YES;
				CLANG_WARN_INT_CONVERSION = YES;
				CLANG_WARN_OBJC_ROOT_CLASS = YES_ERROR;
				CLANG_WARN_UNREACHABLE_CODE = YES;
				CLANG_WARN__DUPLICATE_METHOD_MATCH = YES;
				"CODE_SIGN_IDENTITY[sdk=iphoneos*]" = "iPhone Developer";
				COPY_PHASE_STRIP = NO;
				ENABLE_STRICT_OBJC_MSGSEND = YES;
				GCC_C_LANGUAGE_STANDARD = gnu99;
				GCC_DYNAMIC_NO_PIC = NO;
				GCC_OPTIMIZATION_LEVEL = 0;
				GCC_PREPROCESSOR_DEFINITIONS = (
					"DEBUG=1",
					"$(inherited)",
				);
				GCC_SYMBOLS_PRIVATE_EXTERN = NO;
				GCC_WARN_64_TO_32_BIT_CONVERSION = YES;
				GCC_WARN_ABOUT_RETURN_TYPE = YES_ERROR;
				GCC_WARN_UNDECLARED_SELECTOR = YES;
				GCC_WARN_UNINITIALIZED_AUTOS = YES_AGGRESSIVE;
				GCC_WARN_UNUSED_FUNCTION = YES;
				GCC_WARN_UNUSED_VARIABLE = YES;
				IPHONEOS_DEPLOYMENT_TARGET = 8.2;
				MTL_ENABLE_DEBUG_INFO = YES;
				ONLY_ACTIVE_ARCH = YES;
				SDKROOT = iphoneos;
				TARGETED_DEVICE_FAMILY = "1,2";
			};
			name = Debug;
		};
		1AC3752F1AD38E47006E838E /* Release */ = {
			isa = XCBuildConfiguration;
			buildSettings = {
				ALWAYS_SEARCH_USER_PATHS = NO;
				CLANG_CXX_LANGUAGE_STANDARD = "gnu++0x";
				CLANG_CXX_LIBRARY = "libc++";
				CLANG_ENABLE_MODULES = YES;
				CLANG_ENABLE_OBJC_ARC = YES;
				CLANG_WARN_BOOL_CONVERSION = YES;
				CLANG_WARN_CONSTANT_CONVERSION = YES;
				CLANG_WARN_DIRECT_OBJC_ISA_USAGE = YES_ERROR;
				CLANG_WARN_EMPTY_BODY = YES;
				CLANG_WARN_ENUM_CONVERSION = YES;
				CLANG_WARN_INT_CONVERSION = YES;
				CLANG_WARN_OBJC_ROOT_CLASS = YES_ERROR;
				CLANG_WARN_UNREACHABLE_CODE = YES;
				CLANG_WARN__DUPLICATE_METHOD_MATCH = YES;
				"CODE_SIGN_IDENTITY[sdk=iphoneos*]" = "iPhone Developer";
				COPY_PHASE_STRIP = NO;
				ENABLE_NS_ASSERTIONS = NO;
				ENABLE_STRICT_OBJC_MSGSEND = YES;
				GCC_C_LANGUAGE_STANDARD = gnu99;
				GCC_WARN_64_TO_32_BIT_CONVERSION = YES;
				GCC_WARN_ABOUT_RETURN_TYPE = YES_ERROR;
				GCC_WARN_UNDECLARED_SELECTOR = YES;
				GCC_WARN_UNINITIALIZED_AUTOS = YES_AGGRESSIVE;
				GCC_WARN_UNUSED_FUNCTION = YES;
				GCC_WARN_UNUSED_VARIABLE = YES;
				IPHONEOS_DEPLOYMENT_TARGET = 8.2;
				MTL_ENABLE_DEBUG_INFO = NO;
				SDKROOT = iphoneos;
				TARGETED_DEVICE_FAMILY = "1,2";
				VALIDATE_PRODUCT = YES;
			};
			name = Release;
		};
		1AC375311AD38E47006E838E /* Debug */ = {
			isa = XCBuildConfiguration;
			buildSettings = {
				ASSETCATALOG_COMPILER_APPICON_NAME = AppIcon;
				INFOPLIST_FILE = Assignment1/Info.plist;
				LD_RUNPATH_SEARCH_PATHS = "$(inherited) @executable_path/Frameworks";
				PRODUCT_NAME = "$(TARGET_NAME)";
			};
			name = Debug;
		};
		1AC375321AD38E47006E838E /* Release */ = {
			isa = XCBuildConfiguration;
			buildSettings = {
				ASSETCATALOG_COMPILER_APPICON_NAME = AppIcon;
				INFOPLIST_FILE = Assignment1/Info.plist;
				LD_RUNPATH_SEARCH_PATHS = "$(inherited) @executable_path/Frameworks";
				PRODUCT_NAME = "$(TARGET_NAME)";
			};
			name = Release;
		};
		1AC375341AD38E47006E838E /* Debug */ = {
			isa = XCBuildConfiguration;
			buildSettings = {
				BUNDLE_LOADER = "$(TEST_HOST)";
				FRAMEWORK_SEARCH_PATHS = (
					"$(SDKROOT)/Developer/Library/Frameworks",
					"$(inherited)",
				);
				GCC_PREPROCESSOR_DEFINITIONS = (
					"DEBUG=1",
					"$(inherited)",
				);
				INFOPLIST_FILE = Assignment1Tests/Info.plist;
				LD_RUNPATH_SEARCH_PATHS = "$(inherited) @executable_path/Frameworks @loader_path/Frameworks";
				PRODUCT_NAME = "$(TARGET_NAME)";
				TEST_HOST = "$(BUILT_PRODUCTS_DIR)/Assignment1.app/Assignment1";
			};
			name = Debug;
		};
		1AC375351AD38E47006E838E /* Release */ = {
			isa = XCBuildConfiguration;
			buildSettings = {
				BUNDLE_LOADER = "$(TEST_HOST)";
				FRAMEWORK_SEARCH_PATHS = (
					"$(SDKROOT)/Developer/Library/Frameworks",
					"$(inherited)",
				);
				INFOPLIST_FILE = Assignment1Tests/Info.plist;
				LD_RUNPATH_SEARCH_PATHS = "$(inherited) @executable_path/Frameworks @loader_path/Frameworks";
				PRODUCT_NAME = "$(TARGET_NAME)";
				TEST_HOST = "$(BUILT_PRODUCTS_DIR)/Assignment1.app/Assignment1";
			};
			name = Release;
		};
/* End XCBuildConfiguration section */

/* Begin XCConfigurationList section */
		1AC375051AD38E47006E838E /* Build configuration list for PBXProject "Assignment1" */ = {
			isa = XCConfigurationList;
			buildConfigurations = (
				1AC3752E1AD38E47006E838E /* Debug */,
				1AC3752F1AD38E47006E838E /* Release */,
			);
			defaultConfigurationIsVisible = 0;
			defaultConfigurationName = Release;
		};
		1AC375301AD38E47006E838E /* Build configuration list for PBXNativeTarget "Assignment1" */ = {
			isa = XCConfigurationList;
			buildConfigurations = (
				1AC375311AD38E47006E838E /* Debug */,
				1AC375321AD38E47006E838E /* Release */,
			);
			defaultConfigurationIsVisible = 0;
		};
		1AC375331AD38E47006E838E /* Build configuration list for PBXNativeTarget "Assignment1Tests" */ = {
			isa = XCConfigurationList;
			buildConfigurations = (
				1AC375341AD38E47006E838E /* Debug */,
				1AC375351AD38E47006E838E /* Release */,
			);
			defaultConfigurationIsVisible = 0;
		};
/* End XCConfigurationList section */

/* Begin XCVersionGroup section */
		1AC375141AD38E47006E838E /* Assignment1.xcdatamodeld */ = {
			isa = XCVersionGroup;
			children = (
				1AC375151AD38E47006E838E /* Assignment1.xcdatamodel */,
			);
			currentVersion = 1AC375151AD38E47006E838E /* Assignment1.xcdatamodel */;
			path = Assignment1.xcdatamodeld;
			sourceTree = "<group>";
			versionGroupType = wrapper.xcdatamodel;
		};
/* End XCVersionGroup section */
	};
	rootObject = 1AC375021AD38E47006E838E /* Project object */;
}
